
Microsoft Visual Studio Solution File, Format Version 12.00
# Visual Studio Version 17
Project("{2150E333-8FDC-42A3-9474-1A3956D46DE8}") = "CMakePredefinedTargets", "CMakePredefinedTargets", "{C138C1E6-1B00-3982-9D73-FCF9C8425081}"
EndProject
Project("{8BC9CEB8-8B4A-11D0-8D11-00A0C91BC942}") = "CSC8503", "CSC8503\CSC8503.vcxproj", "{2412CD7A-45B9-332F-8251-EEF622A6CF9B}"
	ProjectSection(ProjectDependencies) = postProject
		{35CBC336-2C28-3E17-9DD1-6EF3828170C8} = {35CBC336-2C28-3E17-9DD1-6EF3828170C8}
		{441382E2-4444-3779-BCBC-BC5E79963D3B} = {441382E2-4444-3779-BCBC-BC5E79963D3B}
		{53CA2E9D-2D4B-3D41-A31F-2FC9119A579B} = {53CA2E9D-2D4B-3D41-A31F-2FC9119A579B}
		{BF84933C-2901-3ADA-B05B-F5C3167E09C9} = {BF84933C-2901-3ADA-B05B-F5C3167E09C9}
	EndProjectSection
EndProject
Project("{8BC9CEB8-8B4A-11D0-8D11-00A0C91BC942}") = "ALL_BUILD", "ALL_BUILD.vcxproj", "{0CED9E5A-DF5A-3693-985C-B2F1B8D4BACD}"
	ProjectSection(ProjectDependencies) = postProject
		{2412CD7A-45B9-332F-8251-EEF622A6CF9B} = {2412CD7A-45B9-332F-8251-EEF622A6CF9B}
		{35CBC336-2C28-3E17-9DD1-6EF3828170C8} = {35CBC336-2C28-3E17-9DD1-6EF3828170C8}
		{441382E2-4444-3779-BCBC-BC5E79963D3B} = {441382E2-4444-3779-BCBC-BC5E79963D3B}
		{53CA2E9D-2D4B-3D41-A31F-2FC9119A579B} = {53CA2E9D-2D4B-3D41-A31F-2FC9119A579B}
		{BF84933C-2901-3ADA-B05B-F5C3167E09C9} = {BF84933C-2901-3ADA-B05B-F5C3167E09C9}
	EndProjectSection
EndProject
Project("{8BC9CEB8-8B4A-11D0-8D11-00A0C91BC942}") = "CSC8503CoreClasses", "CSC8503CoreClasses\CSC8503CoreClasses.vcxproj", "{35CBC336-2C28-3E17-9DD1-6EF3828170C8}"
	ProjectSection(ProjectDependencies) = postProject
		{BF84933C-2901-3ADA-B05B-F5C3167E09C9} = {BF84933C-2901-3ADA-B05B-F5C3167E09C9}
	EndProjectSection
EndProject
Project("{8BC9CEB8-8B4A-11D0-8D11-00A0C91BC942}") = "NCLCoreClasses", "NCLCoreClasses\NCLCoreClasses.vcxproj", "{441382E2-4444-3779-BCBC-BC5E79963D3B}"
	ProjectSection(ProjectDependencies) = postProject
		{BF84933C-2901-3ADA-B05B-F5C3167E09C9} = {BF84933C-2901-3ADA-B05B-F5C3167E09C9}
	EndProjectSection
EndProject
Project("{8BC9CEB8-8B4A-11D0-8D11-00A0C91BC942}") = "OpenGLRendering", "OpenGLRendering\OpenGLRendering.vcxproj", "{53CA2E9D-2D4B-3D41-A31F-2FC9119A579B}"
	ProjectSection(ProjectDependencies) = postProject
		{441382E2-4444-3779-BCBC-BC5E79963D3B} = {441382E2-4444-3779-BCBC-BC5E79963D3B}
		{BF84933C-2901-3ADA-B05B-F5C3167E09C9} = {BF84933C-2901-3ADA-B05B-F5C3167E09C9}
	EndProjectSection
EndProject
Project("{8BC9CEB8-8B4A-11D0-8D11-00A0C91BC942}") = "ZERO_CHECK", "ZERO_CHECK.vcxproj", "{BF84933C-2901-3ADA-B05B-F5C3167E09C9}"
	ProjectSection(ProjectDependencies) = postProject
	EndProjectSection
EndProject
Global
	GlobalSection(SolutionConfigurationPlatforms) = preSolution
		Debug|x64 = Debug|x64
		Release|x64 = Release|x64
	EndGlobalSection
	GlobalSection(ProjectConfigurationPlatforms) = postSolution
		{2412CD7A-45B9-332F-8251-EEF622A6CF9B}.Debug|x64.ActiveCfg = Debug|x64
		{2412CD7A-45B9-332F-8251-EEF622A6CF9B}.Debug|x64.Build.0 = Debug|x64
		{2412CD7A-45B9-332F-8251-EEF622A6CF9B}.Release|x64.ActiveCfg = Release|x64
		{2412CD7A-45B9-332F-8251-EEF622A6CF9B}.Release|x64.Build.0 = Release|x64
		{0CED9E5A-DF5A-3693-985C-B2F1B8D4BACD}.Debug|x64.ActiveCfg = Debug|x64
		{0CED9E5A-DF5A-3693-985C-B2F1B8D4BACD}.Release|x64.ActiveCfg = Release|x64
		{35CBC336-2C28-3E17-9DD1-6EF3828170C8}.Debug|x64.ActiveCfg = Debug|x64
		{35CBC336-2C28-3E17-9DD1-6EF3828170C8}.Debug|x64.Build.0 = Debug|x64
		{35CBC336-2C28-3E17-9DD1-6EF3828170C8}.Release|x64.ActiveCfg = Release|x64
		{35CBC336-2C28-3E17-9DD1-6EF3828170C8}.Release|x64.Build.0 = Release|x64
		{441382E2-4444-3779-BCBC-BC5E79963D3B}.Debug|x64.ActiveCfg = Debug|x64
		{441382E2-4444-3779-BCBC-BC5E79963D3B}.Debug|x64.Build.0 = Debug|x64
		{441382E2-4444-3779-BCBC-BC5E79963D3B}.Release|x64.ActiveCfg = Release|x64
		{441382E2-4444-3779-BCBC-BC5E79963D3B}.Release|x64.Build.0 = Release|x64
		{53CA2E9D-2D4B-3D41-A31F-2FC9119A579B}.Debug|x64.ActiveCfg = Debug|x64
		{53CA2E9D-2D4B-3D41-A31F-2FC9119A579B}.Debug|x64.Build.0 = Debug|x64
		{53CA2E9D-2D4B-3D41-A31F-2FC9119A579B}.Release|x64.ActiveCfg = Release|x64
		{53CA2E9D-2D4B-3D41-A31F-2FC9119A579B}.Release|x64.Build.0 = Release|x64
		{BF84933C-2901-3ADA-B05B-F5C3167E09C9}.Debug|x64.ActiveCfg = Debug|x64
		{BF84933C-2901-3ADA-B05B-F5C3167E09C9}.Debug|x64.Build.0 = Debug|x64
		{BF84933C-2901-3ADA-B05B-F5C3167E09C9}.Release|x64.ActiveCfg = Release|x64
		{BF84933C-2901-3ADA-B05B-F5C3167E09C9}.Release|x64.Build.0 = Release|x64
	EndGlobalSection
	GlobalSection(NestedProjects) = preSolution
		{0CED9E5A-DF5A-3693-985C-B2F1B8D4BACD} = {C138C1E6-1B00-3982-9D73-FCF9C8425081}
		{BF84933C-2901-3ADA-B05B-F5C3167E09C9} = {C138C1E6-1B00-3982-9D73-FCF9C8425081}
	EndGlobalSection
	GlobalSection(ExtensibilityGlobals) = postSolution
		SolutionGuid = {59C60077-F60E-39E8-A6BE-788339C23C49}
	EndGlobalSection
	GlobalSection(ExtensibilityAddIns) = postSolution
	EndGlobalSection
EndGlobal
