<?xml version="1.0" encoding="utf-8"?>
<Project ToolsVersion="17.0" xmlns="http://schemas.microsoft.com/developer/msbuild/2003">
  <ItemGroup>
    <ClCompile Include="C:\Users\c0009141\Documents\CSC8508-2023\NCLCoreClasses\CMakeFiles\NCLCoreClasses.dir\cmake_pch.cxx">
      <Filter>Source Files</Filter>
    </ClCompile>
    <ClCompile Include="C:\Users\c0009141\Documents\CSC8508-2023\NCLCoreClasses\Assets.cpp">
      <Filter>Asset Handling</Filter>
    </ClCompile>
    <ClCompile Include="C:\Users\c0009141\Documents\CSC8508-2023\NCLCoreClasses\SimpleFont.cpp">
      <Filter>Asset Handling</Filter>
    </ClCompile>
    <ClCompile Include="C:\Users\c0009141\Documents\CSC8508-2023\NCLCoreClasses\TextureLoader.cpp">
      <Filter>Asset Handling</Filter>
    </ClCompile>
    <ClCompile Include="C:\Users\c0009141\Documents\CSC8508-2023\NCLCoreClasses\TextureWriter.cpp">
      <Filter>Asset Handling</Filter>
    </ClCompile>
    <ClCompile Include="C:\Users\c0009141\Documents\CSC8508-2023\NCLCoreClasses\Maths.cpp">
      <Filter>Maths</Filter>
    </ClCompile>
    <ClCompile Include="C:\Users\c0009141\Documents\CSC8508-2023\NCLCoreClasses\Matrix2.cpp">
      <Filter>Maths</Filter>
    </ClCompile>
    <ClCompile Include="C:\Users\c0009141\Documents\CSC8508-2023\NCLCoreClasses\Matrix3.cpp">
      <Filter>Maths</Filter>
    </ClCompile>
    <ClCompile Include="C:\Users\c0009141\Documents\CSC8508-2023\NCLCoreClasses\Matrix4.cpp">
      <Filter>Maths</Filter>
    </ClCompile>
    <ClCompile Include="C:\Users\c0009141\Documents\CSC8508-2023\NCLCoreClasses\Plane.cpp">
      <Filter>Maths</Filter>
    </ClCompile>
    <ClCompile Include="C:\Users\c0009141\Documents\CSC8508-2023\NCLCoreClasses\Frustum.cpp">
      <Filter>Maths</Filter>
    </ClCompile>
    <ClCompile Include="C:\Users\c0009141\Documents\CSC8508-2023\NCLCoreClasses\Quaternion.cpp">
      <Filter>Maths</Filter>
    </ClCompile>
    <ClCompile Include="C:\Users\c0009141\Documents\CSC8508-2023\NCLCoreClasses\Vector2.cpp">
      <Filter>Maths</Filter>
    </ClCompile>
    <ClCompile Include="C:\Users\c0009141\Documents\CSC8508-2023\NCLCoreClasses\Vector3.cpp">
      <Filter>Maths</Filter>
    </ClCompile>
    <ClCompile Include="C:\Users\c0009141\Documents\CSC8508-2023\NCLCoreClasses\Vector4.cpp">
      <Filter>Maths</Filter>
    </ClCompile>
    <ClCompile Include="C:\Users\c0009141\Documents\CSC8508-2023\NCLCoreClasses\Vector2i.cpp">
      <Filter>Maths</Filter>
    </ClCompile>
    <ClCompile Include="C:\Users\c0009141\Documents\CSC8508-2023\NCLCoreClasses\Vector3I.cpp">
      <Filter>Maths</Filter>
    </ClCompile>
    <ClCompile Include="C:\Users\c0009141\Documents\CSC8508-2023\NCLCoreClasses\Vector4I.cpp">
      <Filter>Maths</Filter>
    </ClCompile>
    <ClCompile Include="C:\Users\c0009141\Documents\CSC8508-2023\NCLCoreClasses\MeshAnimation.cpp">
      <Filter>Rendering</Filter>
    </ClCompile>
    <ClCompile Include="C:\Users\c0009141\Documents\CSC8508-2023\NCLCoreClasses\Mesh.cpp">
      <Filter>Rendering</Filter>
    </ClCompile>
    <ClCompile Include="C:\Users\c0009141\Documents\CSC8508-2023\NCLCoreClasses\MshLoader.cpp">
      <Filter>Rendering</Filter>
    </ClCompile>
    <ClCompile Include="C:\Users\c0009141\Documents\CSC8508-2023\NCLCoreClasses\MeshMaterial.cpp">
      <Filter>Rendering</Filter>
    </ClCompile>
    <ClCompile Include="C:\Users\c0009141\Documents\CSC8508-2023\NCLCoreClasses\RendererBase.cpp">
      <Filter>Rendering</Filter>
    </ClCompile>
    <ClCompile Include="C:\Users\c0009141\Documents\CSC8508-2023\NCLCoreClasses\Shader.cpp">
      <Filter>Rendering</Filter>
    </ClCompile>
    <ClCompile Include="C:\Users\c0009141\Documents\CSC8508-2023\NCLCoreClasses\Texture.cpp">
      <Filter>Rendering</Filter>
    </ClCompile>
    <ClCompile Include="C:\Users\c0009141\Documents\CSC8508-2023\NCLCoreClasses\Camera.cpp">
      <Filter>Source Files</Filter>
    </ClCompile>
    <ClCompile Include="C:\Users\c0009141\Documents\CSC8508-2023\NCLCoreClasses\GameTimer.cpp">
      <Filter>Windowing and Input</Filter>
    </ClCompile>
    <ClCompile Include="C:\Users\c0009141\Documents\CSC8508-2023\NCLCoreClasses\Keyboard.cpp">
      <Filter>Windowing and Input</Filter>
    </ClCompile>
    <ClCompile Include="C:\Users\c0009141\Documents\CSC8508-2023\NCLCoreClasses\Mouse.cpp">
      <Filter>Windowing and Input</Filter>
    </ClCompile>
    <ClCompile Include="C:\Users\c0009141\Documents\CSC8508-2023\NCLCoreClasses\Window.cpp">
      <Filter>Windowing and Input</Filter>
    </ClCompile>
    <ClCompile Include="C:\Users\c0009141\Documents\CSC8508-2023\NCLCoreClasses\Controller.cpp">
      <Filter>Windowing and Input</Filter>
    </ClCompile>
    <ClCompile Include="C:\Users\c0009141\Documents\CSC8508-2023\NCLCoreClasses\KeyboardMouseController.cpp">
      <Filter>Windowing and Input</Filter>
    </ClCompile>
    <ClCompile Include="C:\Users\c0009141\Documents\CSC8508-2023\NCLCoreClasses\Win32Keyboard.cpp">
      <Filter>Windowing and Input\Win32</Filter>
    </ClCompile>
    <ClCompile Include="C:\Users\c0009141\Documents\CSC8508-2023\NCLCoreClasses\Win32Mouse.cpp">
      <Filter>Windowing and Input\Win32</Filter>
    </ClCompile>
    <ClCompile Include="C:\Users\c0009141\Documents\CSC8508-2023\NCLCoreClasses\Win32Window.cpp">
      <Filter>Windowing and Input\Win32</Filter>
    </ClCompile>
  </ItemGroup>
  <ItemGroup>
    <ClInclude Include="C:\Users\c0009141\Documents\CSC8508-2023\NCLCoreClasses\Assets.h">
      <Filter>Asset Handling</Filter>
    </ClInclude>
    <ClInclude Include="C:\Users\c0009141\Documents\CSC8508-2023\NCLCoreClasses\SimpleFont.h">
      <Filter>Asset Handling</Filter>
    </ClInclude>
    <ClInclude Include="C:\Users\c0009141\Documents\CSC8508-2023\NCLCoreClasses\TextureLoader.h">
      <Filter>Asset Handling</Filter>
    </ClInclude>
    <ClInclude Include="C:\Users\c0009141\Documents\CSC8508-2023\NCLCoreClasses\TextureWriter.h">
      <Filter>Asset Handling</Filter>
    </ClInclude>
    <ClInclude Include="C:\Users\c0009141\Documents\CSC8508-2023\NCLCoreClasses\Camera.h">
      <Filter>Header Files</Filter>
    </ClInclude>
    <ClInclude Include="C:\Users\c0009141\Documents\CSC8508-2023\NCLCoreClasses\Maths.h">
      <Filter>Maths</Filter>
    </ClInclude>
    <ClInclude Include="C:\Users\c0009141\Documents\CSC8508-2023\NCLCoreClasses\Matrix2.h">
      <Filter>Maths</Filter>
    </ClInclude>
    <ClInclude Include="C:\Users\c0009141\Documents\CSC8508-2023\NCLCoreClasses\Matrix3.h">
      <Filter>Maths</Filter>
    </ClInclude>
    <ClInclude Include="C:\Users\c0009141\Documents\CSC8508-2023\NCLCoreClasses\Matrix4.h">
      <Filter>Maths</Filter>
    </ClInclude>
    <ClInclude Include="C:\Users\c0009141\Documents\CSC8508-2023\NCLCoreClasses\Plane.h">
      <Filter>Maths</Filter>
    </ClInclude>
    <ClInclude Include="C:\Users\c0009141\Documents\CSC8508-2023\NCLCoreClasses\Frustum.h">
      <Filter>Maths</Filter>
    </ClInclude>
    <ClInclude Include="C:\Users\c0009141\Documents\CSC8508-2023\NCLCoreClasses\Quaternion.h">
      <Filter>Maths</Filter>
    </ClInclude>
    <ClInclude Include="C:\Users\c0009141\Documents\CSC8508-2023\NCLCoreClasses\NewVector.h">
      <Filter>Maths</Filter>
    </ClInclude>
    <ClInclude Include="C:\Users\c0009141\Documents\CSC8508-2023\NCLCoreClasses\Vector2.h">
      <Filter>Maths</Filter>
    </ClInclude>
    <ClInclude Include="C:\Users\c0009141\Documents\CSC8508-2023\NCLCoreClasses\Vector3.h">
      <Filter>Maths</Filter>
    </ClInclude>
    <ClInclude Include="C:\Users\c0009141\Documents\CSC8508-2023\NCLCoreClasses\Vector4.h">
      <Filter>Maths</Filter>
    </ClInclude>
    <ClInclude Include="C:\Users\c0009141\Documents\CSC8508-2023\NCLCoreClasses\Vector2i.h">
      <Filter>Maths</Filter>
    </ClInclude>
    <ClInclude Include="C:\Users\c0009141\Documents\CSC8508-2023\NCLCoreClasses\Vector3I.h">
      <Filter>Maths</Filter>
    </ClInclude>
    <ClInclude Include="C:\Users\c0009141\Documents\CSC8508-2023\NCLCoreClasses\Vector4I.h">
      <Filter>Maths</Filter>
    </ClInclude>
    <ClInclude Include="C:\Users\c0009141\Documents\CSC8508-2023\NCLCoreClasses\MeshAnimation.h">
      <Filter>Rendering</Filter>
    </ClInclude>
    <ClInclude Include="C:\Users\c0009141\Documents\CSC8508-2023\NCLCoreClasses\Mesh.h">
      <Filter>Rendering</Filter>
    </ClInclude>
    <ClInclude Include="C:\Users\c0009141\Documents\CSC8508-2023\NCLCoreClasses\MshLoader.h">
      <Filter>Rendering</Filter>
    </ClInclude>
    <ClInclude Include="C:\Users\c0009141\Documents\CSC8508-2023\NCLCoreClasses\MeshMaterial.h">
      <Filter>Rendering</Filter>
    </ClInclude>
    <ClInclude Include="C:\Users\c0009141\Documents\CSC8508-2023\NCLCoreClasses\RendererBase.h">
      <Filter>Rendering</Filter>
    </ClInclude>
    <ClInclude Include="C:\Users\c0009141\Documents\CSC8508-2023\NCLCoreClasses\Shader.h">
      <Filter>Rendering</Filter>
    </ClInclude>
    <ClInclude Include="C:\Users\c0009141\Documents\CSC8508-2023\NCLCoreClasses\Texture.h">
      <Filter>Rendering</Filter>
    </ClInclude>
    <ClInclude Include="C:\Users\c0009141\Documents\CSC8508-2023\NCLCoreClasses\GameTimer.h">
      <Filter>Windowing and Input</Filter>
    </ClInclude>
    <ClInclude Include="C:\Users\c0009141\Documents\CSC8508-2023\NCLCoreClasses\Keyboard.h">
      <Filter>Windowing and Input</Filter>
    </ClInclude>
    <ClInclude Include="C:\Users\c0009141\Documents\CSC8508-2023\NCLCoreClasses\Mouse.h">
      <Filter>Windowing and Input</Filter>
    </ClInclude>
    <ClInclude Include="C:\Users\c0009141\Documents\CSC8508-2023\NCLCoreClasses\Window.h">
      <Filter>Windowing and Input</Filter>
    </ClInclude>
    <ClInclude Include="C:\Users\c0009141\Documents\CSC8508-2023\NCLCoreClasses\Controller.h">
      <Filter>Windowing and Input</Filter>
    </ClInclude>
    <ClInclude Include="C:\Users\c0009141\Documents\CSC8508-2023\NCLCoreClasses\KeyboardMouseController.h">
      <Filter>Windowing and Input</Filter>
    </ClInclude>
    <ClInclude Include="C:\Users\c0009141\Documents\CSC8508-2023\NCLCoreClasses\Win32Keyboard.h">
      <Filter>Windowing and Input\Win32</Filter>
    </ClInclude>
    <ClInclude Include="C:\Users\c0009141\Documents\CSC8508-2023\NCLCoreClasses\Win32Mouse.h">
      <Filter>Windowing and Input\Win32</Filter>
    </ClInclude>
    <ClInclude Include="C:\Users\c0009141\Documents\CSC8508-2023\NCLCoreClasses\Win32Window.h">
      <Filter>Windowing and Input\Win32</Filter>
    </ClInclude>
    <ClInclude Include="C:\Users\c0009141\Documents\CSC8508-2023\NCLCoreClasses\CMakeFiles\NCLCoreClasses.dir\Debug\cmake_pch.hxx">
      <Filter>Precompile Header File</Filter>
    </ClInclude>
    <ClInclude Include="C:\Users\c0009141\Documents\CSC8508-2023\NCLCoreClasses\CMakeFiles\NCLCoreClasses.dir\Release\cmake_pch.hxx">
      <Filter>Precompile Header File</Filter>
    </ClInclude>
  </ItemGroup>
  <ItemGroup>
    <CustomBuild Include="C:\Users\c0009141\Documents\CSC8508-2023\NCLCoreClasses\CMakeLists.txt" />
  </ItemGroup>
  <ItemGroup>
    <Filter Include="Asset Handling">
      <UniqueIdentifier>{DB0A5E9B-FB89-3F02-9E34-40A627A4C14A}</UniqueIdentifier>
    </Filter>
    <Filter Include="Header Files">
      <UniqueIdentifier>{DB95769E-FD1A-3E4C-8E54-CA62D52C66CB}</UniqueIdentifier>
    </Filter>
    <Filter Include="Maths">
      <UniqueIdentifier>{2C08A193-DE90-3524-A482-CA1516C872A5}</UniqueIdentifier>
    </Filter>
    <Filter Include="Precompile Header File">
      <UniqueIdentifier>{345DE210-7415-3397-AA6A-A74DBDE231C4}</UniqueIdentifier>
    </Filter>
    <Filter Include="Rendering">
      <UniqueIdentifier>{D4BF2570-B0EC-3357-9A51-BC639C83FE01}</UniqueIdentifier>
    </Filter>
    <Filter Include="Source Files">
      <UniqueIdentifier>{BCCD66A3-6B52-33AC-90BF-4F92A9CFE127}</UniqueIdentifier>
    </Filter>
    <Filter Include="Windowing and Input">
      <UniqueIdentifier>{BE3D26D9-E4D4-3EE5-94DF-B1725F377FBB}</UniqueIdentifier>
    </Filter>
    <Filter Include="Windowing and Input\Win32">
      <UniqueIdentifier>{DD86F34C-31D4-3731-AA84-E48B55FB85F7}</UniqueIdentifier>
    </Filter>
  </ItemGroup>
</Project>
